{
  "version": 4,
  "terraform_version": "1.10.5",
  "serial": 2,
  "lineage": "761b46a0-7048-4504-e145-e8ec3c8bfd4e",
  "outputs": {},
  "resources": [
    {
      "mode": "data",
      "type": "docker_image",
      "name": "tektutor_image",
      "provider": "provider[\"registry.terraform.io/kreuzwerker/docker\"]",
      "instances": [
        {
          "schema_version": 0,
          "attributes": {
            "id": "sha256:6e4d09371d443516740f7575347360b6c30231cf61890a4f841997c929be1798",
            "name": "tektutor/ubuntu-ansible-node:1.0",
            "repo_digest": ""
          },
          "sensitive_attributes": []
        }
      ]
    },
    {
      "mode": "managed",
      "type": "docker_container",
      "name": "container",
      "provider": "provider[\"registry.terraform.io/kreuzwerker/docker\"]",
      "instances": [
        {
          "schema_version": 2,
          "attributes": {
            "attach": false,
            "bridge": "",
            "capabilities": [],
            "cgroupns_mode": null,
            "command": [
              "/usr/sbin/sshd",
              "-D"
            ],
            "container_logs": null,
            "container_read_refresh_timeout_milliseconds": 15000,
            "cpu_set": "",
            "cpu_shares": 0,
            "destroy_grace_seconds": null,
            "devices": [],
            "dns": null,
            "dns_opts": null,
            "dns_search": null,
            "domainname": "",
            "entrypoint": [],
            "env": [],
            "exit_code": null,
            "gpus": null,
            "group_add": null,
            "healthcheck": null,
            "host": [],
            "hostname": "c1234",
            "id": "97c6263c29ce245c7e3ff8d671bcce1aebb1696592b5aaf96067e5dc28acffa3",
            "image": "sha256:6e4d09371d443516740f7575347360b6c30231cf61890a4f841997c929be1798",
            "init": false,
            "ipc_mode": "private",
            "labels": [],
            "log_driver": "json-file",
            "log_opts": null,
            "logs": false,
            "max_retry_count": 0,
            "memory": 0,
            "memory_swap": 0,
            "mounts": [],
            "must_run": true,
            "name": "c1234",
            "network_data": [
              {
                "gateway": "172.17.0.1",
                "global_ipv6_address": "",
                "global_ipv6_prefix_length": 0,
                "ip_address": "172.17.0.2",
                "ip_prefix_length": 16,
                "ipv6_gateway": "",
                "mac_address": "fe:a7:4a:55:c3:bb",
                "network_name": "bridge"
              }
            ],
            "network_mode": "bridge",
            "networks_advanced": [],
            "pid_mode": "",
            "ports": [
              {
                "external": 2001,
                "internal": 22,
                "ip": "0.0.0.0",
                "protocol": "tcp"
              },
              {
                "external": 8001,
                "internal": 80,
                "ip": "0.0.0.0",
                "protocol": "tcp"
              }
            ],
            "privileged": false,
            "publish_all_ports": false,
            "read_only": false,
            "remove_volumes": true,
            "restart": "no",
            "rm": false,
            "runtime": "runc",
            "security_opts": [],
            "shm_size": 64,
            "start": true,
            "stdin_open": false,
            "stop_signal": "",
            "stop_timeout": 0,
            "storage_opts": null,
            "sysctls": null,
            "tmpfs": null,
            "tty": false,
            "ulimit": [],
            "upload": [],
            "user": "",
            "userns_mode": "",
            "volumes": [],
            "wait": false,
            "wait_timeout": 60,
            "working_dir": ""
          },
          "sensitive_attributes": [],
          "private": "eyJzY2hlbWFfdmVyc2lvbiI6IjIifQ==",
          "dependencies": [
            "data.docker_image.tektutor_image"
          ]
        }
      ]
    },
    {
      "mode": "managed",
      "type": "local_file",
      "name": "invoke_ansible_playbook",
      "provider": "provider[\"registry.terraform.io/hashicorp/local\"]",
      "instances": [
        {
          "schema_version": 0,
          "attributes": {
            "content": "some ip",
            "content_base64": null,
            "content_base64sha256": "Z2/5HSDUfXZ3s3U5ovsLZs+PyiAeoU1Q9ww3qvUboVA=",
            "content_base64sha512": "dm+iACWw46nngMi2VTMSwSw2pRS3zynoepAzPz3FcLRS1F7i/1ZLduHEFcA3wg6kBmP3Ap3ffWw8qmQ6qrIjTg==",
            "content_md5": "9a46645026d4bf24b623e2ed43c2b698",
            "content_sha1": "de70d64924a96d0e140820c09e24eb203053f5aa",
            "content_sha256": "676ff91d20d47d7677b37539a2fb0b66cf8fca201ea14d50f70c37aaf51ba150",
            "content_sha512": "766fa20025b0e3a9e780c8b6553312c12c36a514b7cf29e87a90333f3dc570b452d45ee2ff564b76e1c415c037c20ea40663f7029ddf7d6c3caa643aaab2234e",
            "directory_permission": "0777",
            "file_permission": "0777",
            "filename": "./ip.txt",
            "id": "de70d64924a96d0e140820c09e24eb203053f5aa",
            "sensitive_content": null,
            "source": null
          },
          "sensitive_attributes": [
            [
              {
                "type": "get_attr",
                "value": "sensitive_content"
              }
            ]
          ]
        }
      ]
    }
  ],
  "check_results": [
    {
      "object_kind": "var",
      "config_addr": "var.container_name",
      "status": "pass",
      "objects": [
        {
          "object_addr": "var.container_name",
          "status": "pass"
        }
      ]
    }
  ]
}
